
Microsoft Visual Studio Solution File, Format Version 12.00
Project("{FAE04EC0-301F-11D3-BF4B-00C04F79EFBC}") = "NeatRider", "NeatRider\NeatRider.csproj", "{EF307EE8-D9B9-4E6B-93F2-2C2DA4801CE5}"
EndProject
Project("{FAE04EC0-301F-11D3-BF4B-00C04F79EFBC}") = "Test", "Test\Test.csproj", "{A1397FB4-624C-4A3D-A2F3-A515661B6776}"
EndProject
Global
	GlobalSection(SolutionConfigurationPlatforms) = preSolution
		Debug|Any CPU = Debug|Any CPU
		Release|Any CPU = Release|Any CPU
	EndGlobalSection
	GlobalSection(ProjectConfigurationPlatforms) = postSolution
		{EF307EE8-D9B9-4E6B-93F2-2C2DA4801CE5}.Debug|Any CPU.ActiveCfg = Debug|Any CPU
		{EF307EE8-D9B9-4E6B-93F2-2C2DA4801CE5}.Debug|Any CPU.Build.0 = Debug|Any CPU
		{EF307EE8-D9B9-4E6B-93F2-2C2DA4801CE5}.Release|Any CPU.ActiveCfg = Release|Any CPU
		{EF307EE8-D9B9-4E6B-93F2-2C2DA4801CE5}.Release|Any CPU.Build.0 = Release|Any CPU
		{A1397FB4-624C-4A3D-A2F3-A515661B6776}.Debug|Any CPU.ActiveCfg = Debug|Any CPU
		{A1397FB4-624C-4A3D-A2F3-A515661B6776}.Debug|Any CPU.Build.0 = Debug|Any CPU
		{A1397FB4-624C-4A3D-A2F3-A515661B6776}.Release|Any CPU.ActiveCfg = Release|Any CPU
		{A1397FB4-624C-4A3D-A2F3-A515661B6776}.Release|Any CPU.Build.0 = Release|Any CPU
	EndGlobalSection
EndGlobal
